
Microsoft Visual Studio Solution File, Format Version 12.00
# Visual Studio Version 17
VisualStudioVersion = 17.0.32014.148
MinimumVisualStudioVersion = 10.0.40219.1
Project("{FAE04EC0-301F-11D3-BF4B-00C04F79EFBC}") = "ExercicioArray", "ExercicioArray.csproj", "{ADED41D8-6F2F-40E6-8433-9BCBA32D9222}"
EndProject
Global
	GlobalSection(SolutionConfigurationPlatforms) = preSolution
		Debug|Any CPU = Debug|Any CPU
		Release|Any CPU = Release|Any CPU
	EndGlobalSection
	GlobalSection(ProjectConfigurationPlatforms) = postSolution
		{ADED41D8-6F2F-40E6-8433-9BCBA32D9222}.Debug|Any CPU.ActiveCfg = Debug|Any CPU
		{ADED41D8-6F2F-40E6-8433-9BCBA32D9222}.Debug|Any CPU.Build.0 = Debug|Any CPU
		{ADED41D8-6F2F-40E6-8433-9BCBA32D9222}.Release|Any CPU.ActiveCfg = Release|Any CPU
		{ADED41D8-6F2F-40E6-8433-9BCBA32D9222}.Release|Any CPU.Build.0 = Release|Any CPU
	EndGlobalSection
	GlobalSection(SolutionProperties) = preSolution
		HideSolutionNode = FALSE
	EndGlobalSection
	GlobalSection(ExtensibilityGlobals) = postSolution
		SolutionGuid = {04D89766-D7BA-4FE0-BD2B-6748B3E9EE2B}
	EndGlobalSection
EndGlobal
